
Microsoft Visual Studio Solution File, Format Version 12.00
# Visual Studio Version 17
VisualStudioVersion = 17.10.34928.147
MinimumVisualStudioVersion = 10.0.40219.1
Project("{FAE04EC0-301F-11D3-BF4B-00C04F79EFBC}") = "Solutions", "Solutions\Solutions.csproj", "{76A304F6-840C-4EA3-9DAA-882D1D567B34}"
EndProject
Project("{FAE04EC0-301F-11D3-BF4B-00C04F79EFBC}") = "Solutions.Tests", "Solutions.Tests\Solutions.Tests.csproj", "{6B2FA0CE-8D3F-4AEA-A0CC-043710220BF3}"
EndProject
Global
	GlobalSection(SolutionConfigurationPlatforms) = preSolution
		Debug|Any CPU = Debug|Any CPU
		Release|Any CPU = Release|Any CPU
	EndGlobalSection
	GlobalSection(ProjectConfigurationPlatforms) = postSolution
		{76A304F6-840C-4EA3-9DAA-882D1D567B34}.Debug|Any CPU.ActiveCfg = Debug|Any CPU
		{76A304F6-840C-4EA3-9DAA-882D1D567B34}.Debug|Any CPU.Build.0 = Debug|Any CPU
		{76A304F6-840C-4EA3-9DAA-882D1D567B34}.Release|Any CPU.ActiveCfg = Release|Any CPU
		{76A304F6-840C-4EA3-9DAA-882D1D567B34}.Release|Any CPU.Build.0 = Release|Any CPU
		{6B2FA0CE-8D3F-4AEA-A0CC-043710220BF3}.Debug|Any CPU.ActiveCfg = Debug|Any CPU
		{6B2FA0CE-8D3F-4AEA-A0CC-043710220BF3}.Debug|Any CPU.Build.0 = Debug|Any CPU
		{6B2FA0CE-8D3F-4AEA-A0CC-043710220BF3}.Release|Any CPU.ActiveCfg = Release|Any CPU
		{6B2FA0CE-8D3F-4AEA-A0CC-043710220BF3}.Release|Any CPU.Build.0 = Release|Any CPU
	EndGlobalSection
	GlobalSection(SolutionProperties) = preSolution
		HideSolutionNode = FALSE
	EndGlobalSection
	GlobalSection(ExtensibilityGlobals) = postSolution
		SolutionGuid = {619ADC16-2BC6-47C2-A10F-70A6FC7FF207}
	EndGlobalSection
EndGlobal
